
Microsoft Visual Studio Solution File, Format Version 12.00
# Visual Studio Version 16
VisualStudioVersion = 16.0.32510.428
MinimumVisualStudioVersion = 10.0.40219.1
Project("{FAE04EC0-301F-11D3-BF4B-00C04F79EFBC}") = "Friends Application", "Friends Application\Friends Application.csproj", "{80BDAE4A-ED72-4379-A4C0-CA74FCAA4632}"
EndProject
Global
	GlobalSection(SolutionConfigurationPlatforms) = preSolution
		Debug|Any CPU = Debug|Any CPU
		Release|Any CPU = Release|Any CPU
	EndGlobalSection
	GlobalSection(ProjectConfigurationPlatforms) = postSolution
		{80BDAE4A-ED72-4379-A4C0-CA74FCAA4632}.Debug|Any CPU.ActiveCfg = Debug|Any CPU
		{80BDAE4A-ED72-4379-A4C0-CA74FCAA4632}.Debug|Any CPU.Build.0 = Debug|Any CPU
		{80BDAE4A-ED72-4379-A4C0-CA74FCAA4632}.Release|Any CPU.ActiveCfg = Release|Any CPU
		{80BDAE4A-ED72-4379-A4C0-CA74FCAA4632}.Release|Any CPU.Build.0 = Release|Any CPU
	EndGlobalSection
	GlobalSection(SolutionProperties) = preSolution
		HideSolutionNode = FALSE
	EndGlobalSection
	GlobalSection(ExtensibilityGlobals) = postSolution
		SolutionGuid = {A298DE30-4CC7-4FFE-ADE4-74A60F324705}
	EndGlobalSection
EndGlobal
